
Microsoft Visual Studio Solution File, Format Version 12.00
# Visual Studio Version 16
VisualStudioVersion = 16.0.30907.101
MinimumVisualStudioVersion = 10.0.40219.1
Project("{FAE04EC0-301F-11D3-BF4B-00C04F79EFBC}") = "StateManagementAssignment", "StateManagementAssignment\StateManagementAssignment.csproj", "{47E54800-2A85-419A-9110-703887D9B18E}"
EndProject
Global
	GlobalSection(SolutionConfigurationPlatforms) = preSolution
		Debug|Any CPU = Debug|Any CPU
		Release|Any CPU = Release|Any CPU
	EndGlobalSection
	GlobalSection(ProjectConfigurationPlatforms) = postSolution
		{47E54800-2A85-419A-9110-703887D9B18E}.Debug|Any CPU.ActiveCfg = Debug|Any CPU
		{47E54800-2A85-419A-9110-703887D9B18E}.Debug|Any CPU.Build.0 = Debug|Any CPU
		{47E54800-2A85-419A-9110-703887D9B18E}.Release|Any CPU.ActiveCfg = Release|Any CPU
		{47E54800-2A85-419A-9110-703887D9B18E}.Release|Any CPU.Build.0 = Release|Any CPU
	EndGlobalSection
	GlobalSection(SolutionProperties) = preSolution
		HideSolutionNode = FALSE
	EndGlobalSection
	GlobalSection(ExtensibilityGlobals) = postSolution
		SolutionGuid = {10635815-6F64-43DA-AF5C-69E4DEDF2181}
	EndGlobalSection
EndGlobal
